
Microsoft Visual Studio Solution File, Format Version 12.00
# Visual Studio 15
VisualStudioVersion = 15.0.27130.2010
MinimumVisualStudioVersion = 10.0.40219.1
Project("{FAE04EC0-301F-11D3-BF4B-00C04F79EFBC}") = "Weather WebAPI", "Weather WebAPI\Weather WebAPI.csproj", "{0B8B5767-74AE-4C98-854F-E2683031D720}"
EndProject
Project("{FAE04EC0-301F-11D3-BF4B-00C04F79EFBC}") = "OpenWeatherMapAPI", "OpenWeatherMapAPI\OpenWeatherMapAPI.csproj", "{E782574D-85FE-499C-AB75-18DD00B4386C}"
EndProject
Project("{FAE04EC0-301F-11D3-BF4B-00C04F79EFBC}") = "OpenWeatherMapAPI.Tests", "OpenWeatherMapAPI.Tests\OpenWeatherMapAPI.Tests.csproj", "{BAD4DA42-7D06-4ED7-8A5B-F2BD3930F5D7}"
EndProject
Project("{FAE04EC0-301F-11D3-BF4B-00C04F79EFBC}") = "Weather Models", "Weather Models\Weather Models.csproj", "{9D2F80F4-6946-403E-8EBD-A403F10768DD}"
EndProject
Project("{FAE04EC0-301F-11D3-BF4B-00C04F79EFBC}") = "Local Database", "Local Database\Local Database.csproj", "{68B65F0B-4A3E-4943-96A0-4AF2E345107F}"
EndProject
Project("{FAE04EC0-301F-11D3-BF4B-00C04F79EFBC}") = "Local Database.Tests", "Local Database.Tests\Local Database.Tests.csproj", "{4DEA4525-AEAA-4CEA-9756-F6D59DE39C6B}"
EndProject
Project("{FAE04EC0-301F-11D3-BF4B-00C04F79EFBC}") = "Local Redis", "Local Redis\Local Redis.csproj", "{9C8D9C1F-9727-400D-97B8-8B10EB05A9DB}"
EndProject
Project("{FAE04EC0-301F-11D3-BF4B-00C04F79EFBC}") = "Local Redis.Test", "Local Redis.Test\Local Redis.Test.csproj", "{325C0B82-AD0B-4990-9ED6-FB267334B20F}"
EndProject
Global
	GlobalSection(SolutionConfigurationPlatforms) = preSolution
		Debug|Any CPU = Debug|Any CPU
		Release|Any CPU = Release|Any CPU
	EndGlobalSection
	GlobalSection(ProjectConfigurationPlatforms) = postSolution
		{0B8B5767-74AE-4C98-854F-E2683031D720}.Debug|Any CPU.ActiveCfg = Debug|Any CPU
		{0B8B5767-74AE-4C98-854F-E2683031D720}.Debug|Any CPU.Build.0 = Debug|Any CPU
		{0B8B5767-74AE-4C98-854F-E2683031D720}.Release|Any CPU.ActiveCfg = Release|Any CPU
		{0B8B5767-74AE-4C98-854F-E2683031D720}.Release|Any CPU.Build.0 = Release|Any CPU
		{E782574D-85FE-499C-AB75-18DD00B4386C}.Debug|Any CPU.ActiveCfg = Debug|Any CPU
		{E782574D-85FE-499C-AB75-18DD00B4386C}.Debug|Any CPU.Build.0 = Debug|Any CPU
		{E782574D-85FE-499C-AB75-18DD00B4386C}.Release|Any CPU.ActiveCfg = Release|Any CPU
		{E782574D-85FE-499C-AB75-18DD00B4386C}.Release|Any CPU.Build.0 = Release|Any CPU
		{BAD4DA42-7D06-4ED7-8A5B-F2BD3930F5D7}.Debug|Any CPU.ActiveCfg = Debug|Any CPU
		{BAD4DA42-7D06-4ED7-8A5B-F2BD3930F5D7}.Debug|Any CPU.Build.0 = Debug|Any CPU
		{BAD4DA42-7D06-4ED7-8A5B-F2BD3930F5D7}.Release|Any CPU.ActiveCfg = Release|Any CPU
		{BAD4DA42-7D06-4ED7-8A5B-F2BD3930F5D7}.Release|Any CPU.Build.0 = Release|Any CPU
		{9D2F80F4-6946-403E-8EBD-A403F10768DD}.Debug|Any CPU.ActiveCfg = Debug|Any CPU
		{9D2F80F4-6946-403E-8EBD-A403F10768DD}.Debug|Any CPU.Build.0 = Debug|Any CPU
		{9D2F80F4-6946-403E-8EBD-A403F10768DD}.Release|Any CPU.ActiveCfg = Release|Any CPU
		{9D2F80F4-6946-403E-8EBD-A403F10768DD}.Release|Any CPU.Build.0 = Release|Any CPU
		{68B65F0B-4A3E-4943-96A0-4AF2E345107F}.Debug|Any CPU.ActiveCfg = Debug|Any CPU
		{68B65F0B-4A3E-4943-96A0-4AF2E345107F}.Debug|Any CPU.Build.0 = Debug|Any CPU
		{68B65F0B-4A3E-4943-96A0-4AF2E345107F}.Release|Any CPU.ActiveCfg = Release|Any CPU
		{68B65F0B-4A3E-4943-96A0-4AF2E345107F}.Release|Any CPU.Build.0 = Release|Any CPU
		{4DEA4525-AEAA-4CEA-9756-F6D59DE39C6B}.Debug|Any CPU.ActiveCfg = Debug|Any CPU
		{4DEA4525-AEAA-4CEA-9756-F6D59DE39C6B}.Debug|Any CPU.Build.0 = Debug|Any CPU
		{4DEA4525-AEAA-4CEA-9756-F6D59DE39C6B}.Release|Any CPU.ActiveCfg = Release|Any CPU
		{4DEA4525-AEAA-4CEA-9756-F6D59DE39C6B}.Release|Any CPU.Build.0 = Release|Any CPU
		{9C8D9C1F-9727-400D-97B8-8B10EB05A9DB}.Debug|Any CPU.ActiveCfg = Debug|Any CPU
		{9C8D9C1F-9727-400D-97B8-8B10EB05A9DB}.Debug|Any CPU.Build.0 = Debug|Any CPU
		{9C8D9C1F-9727-400D-97B8-8B10EB05A9DB}.Release|Any CPU.ActiveCfg = Release|Any CPU
		{9C8D9C1F-9727-400D-97B8-8B10EB05A9DB}.Release|Any CPU.Build.0 = Release|Any CPU
		{325C0B82-AD0B-4990-9ED6-FB267334B20F}.Debug|Any CPU.ActiveCfg = Debug|Any CPU
		{325C0B82-AD0B-4990-9ED6-FB267334B20F}.Debug|Any CPU.Build.0 = Debug|Any CPU
		{325C0B82-AD0B-4990-9ED6-FB267334B20F}.Release|Any CPU.ActiveCfg = Release|Any CPU
		{325C0B82-AD0B-4990-9ED6-FB267334B20F}.Release|Any CPU.Build.0 = Release|Any CPU
	EndGlobalSection
	GlobalSection(SolutionProperties) = preSolution
		HideSolutionNode = FALSE
	EndGlobalSection
	GlobalSection(ExtensibilityGlobals) = postSolution
		SolutionGuid = {F44340D3-CEA4-4BBC-A4DF-27D4050C39F5}
	EndGlobalSection
EndGlobal
